<Solution>
  <Folder Name="/src/">
    <Project Path="src/DualSenseBridge.Cli/DualSenseBridge.Cli.csproj" />
    <Project Path="src/DualSenseBridge.Core/DualSenseBridge.Core.csproj" />
    <Project Path="src/DualSenseBridge.HidMaestro/DualSenseBridge.HidMaestro.csproj" />
  </Folder>
  <Folder Name="/tests/">
    <Project Path="tests/DualSenseBridge.Tests/DualSenseBridge.Tests.csproj" />
  </Folder>
</Solution>
